
Microsoft Visual Studio Solution File, Format Version 12.00
# Visual Studio Version 17
VisualStudioVersion = 17.4.33213.308
MinimumVisualStudioVersion = 10.0.40219.1
Project("{FAE04EC0-301F-11D3-BF4B-00C04F79EFBC}") = "Semana8_Lab1_Clases", "Semana8_Lab1_Clases\Semana8_Lab1_Clases.csproj", "{5B0BDDAD-99D4-4B8C-B9B8-6C213732AF9B}"
EndProject
Project("{FAE04EC0-301F-11D3-BF4B-00C04F79EFBC}") = "Tests", "Tests\Tests.csproj", "{FE06E3CC-DC7D-4253-892A-3098E3FFC330}"
	ProjectSection(ProjectDependencies) = postProject
		{5B0BDDAD-99D4-4B8C-B9B8-6C213732AF9B} = {5B0BDDAD-99D4-4B8C-B9B8-6C213732AF9B}
	EndProjectSection
EndProject
Global
	GlobalSection(SolutionConfigurationPlatforms) = preSolution
		Debug|Any CPU = Debug|Any CPU
		Release|Any CPU = Release|Any CPU
	EndGlobalSection
	GlobalSection(ProjectConfigurationPlatforms) = postSolution
		{5B0BDDAD-99D4-4B8C-B9B8-6C213732AF9B}.Debug|Any CPU.ActiveCfg = Debug|Any CPU
		{5B0BDDAD-99D4-4B8C-B9B8-6C213732AF9B}.Debug|Any CPU.Build.0 = Debug|Any CPU
		{5B0BDDAD-99D4-4B8C-B9B8-6C213732AF9B}.Release|Any CPU.ActiveCfg = Release|Any CPU
		{5B0BDDAD-99D4-4B8C-B9B8-6C213732AF9B}.Release|Any CPU.Build.0 = Release|Any CPU
		{FE06E3CC-DC7D-4253-892A-3098E3FFC330}.Debug|Any CPU.ActiveCfg = Debug|Any CPU
		{FE06E3CC-DC7D-4253-892A-3098E3FFC330}.Debug|Any CPU.Build.0 = Debug|Any CPU
		{FE06E3CC-DC7D-4253-892A-3098E3FFC330}.Release|Any CPU.ActiveCfg = Release|Any CPU
		{FE06E3CC-DC7D-4253-892A-3098E3FFC330}.Release|Any CPU.Build.0 = Release|Any CPU
	EndGlobalSection
	GlobalSection(SolutionProperties) = preSolution
		HideSolutionNode = FALSE
	EndGlobalSection
	GlobalSection(ExtensibilityGlobals) = postSolution
		SolutionGuid = {31C215C3-3920-48FD-8BB6-ED52B6DDA1F7}
	EndGlobalSection
EndGlobal
